github.com/fatih/color v1.7.0 h1:DkWD4oS2D8LGGgTQ6IvwJJXSL5Vp2ffcQg58nFV38Ys=
github.com/fatih/color v1.7.0/go.mod h1:Zm6kSWBoL9eyXnKyktHP6abPY2pDugNf5KwzbycvMj4=
github.com/google/go-github v17.0.0+incompatible h1:N0LgJ1j65A7kfXrZnUDaYCs/Sf4rEjNlfyDHW9dolSY=
github.com/google/go-github v17.0.0+incompatible/go.mod h1:zLgOLi98H3fifZn+44m+umXrS52loVEgC2AApnigrVQ=
github.com/google/go-querystring v1.0.0 h1:Xkwi/a1rcvNg1PPYe5vI8GbeBY/jrVuDX5ASuANWTrk=
github.com/google/go-querystring v1.0.0/go.mod h1:odCYkC5MyYFN7vkCjXpyrEuKhc/BUO6wN/zVPAxq5ck=
github.com/leaanthony/synx v0.0.0-20180923230033-60efbd9984b0 h1:1bGojw4YacLY5bqQalojiQ7mSfQbe4WIWCEgPZagowU=
github.com/leaanthony/synx v0.0.0-20180923230033-60efbd9984b0/go.mod h1:Iz7eybeeG8bdq640iR+CwYb8p+9EOsgMWghkSRyZcqs=
github.com/leaanthony/synx v0.1.0 h1:R0lmg2w6VMb8XcotOwAe5DLyzwjLrskNkwU7LLWsyL8=
github.com/leaanthony/synx v0.1.0/go.mod h1:Iz7eybeeG8bdq640iR+CwYb8p+9EOsgMWghkSRyZcqs=
github.com/leaanthony/wincursor v0.0.0-20180705115120-056510f32d15 h1:166LIty6ldcyOc7tbgfu5smsGATvEo0JZV6bnbzyEc4=
github.com/leaanthony/wincursor v0.0.0-20180705115120-056510f32d15/go.mod h1:7TVwwrzSH/2Y9gLOGH+VhA+bZhoWXBRgbGNTMk+yimE=
github.com/leaanthony/wincursor v0.1.0 h1:Dsyp68QcF5cCs65AMBmxoYNEm0n8K7mMchG6a8fYxf8=
github.com/leaanthony/wincursor v0.1.0/go.mod h1:7TVwwrzSH/2Y9gLOGH+VhA+bZhoWXBRgbGNTMk+yimE=
github.com/mattn/go-colorable v0.0.9 h1:UVL0vNpWh04HeJXV0KLcaT7r06gOH2l4OW6ddYRUIY4=
github.com/mattn/go-colorable v0.0.9/go.mod h1:9vuHe8Xs5qXnSaW/c/ABM9alt+Vo+STaOChaDxuIBZU=
github.com/mattn/go-isatty v0.0.4 h1:bnP0vzxcAdeI1zdubAl5PjU6zsERjGZb7raWodagDYs=
github.com/mattn/go-isatty v0.0.4/go.mod h1:M+lRXTBqGeGNdLjl/ufCoiOlB5xdOkqRJdNxMWT7Zi4=
github.com/mattn/go-runewidth v0.0.4 h1:2BvfKmzob6Bmd4YsL0zygOqfdFnK7GR4QL06Do4/p7Y=
github.com/mattn/go-runewidth v0.0.4/go.mod h1:LwmH8dsx7+W8Uxz3IHJYH5QSwggIsqBzpuz5H//U1FU=
github.com/olekukonko/tablewriter v0.0.1 h1:b3iUnf1v+ppJiOfNX4yxxqfWKMQPZR5yoh8urCTFX88=
github.com/olekukonko/tablewriter v0.0.1/go.mod h1:vsDQFd/mU46D+Z4whnwzcISnGGzXWMclvtLoiIKAKIo=
github.com/ribice/glice v0.0.0-20181011133736-685f13fa9b12 h1:QmQk3fHEhAV7Lp5bJVRowH9/AtQl1kW9yxYwFEA19Pw=
github.com/ribice/glice v0.0.0-20181011133736-685f13fa9b12/go.mod h1:A+ednilkKNW0CJGLsrLkq0D49M4EhlCi8gvnkwoZFn0=
golang.org/x/net v0.0.0-20181220203305-927f97764cc3 h1:eH6Eip3UpmR+yM/qI9Ijluzb1bNv/cAU/n+6l8tRSis=
golang.org/x/net v0.0.0-20181220203305-927f97764cc3/go.mod h1:mL1N/T3taQHkDXs73rZJwtUhF3w3ftmwwsq0BUmARs4=
golang.org/x/oauth2 v0.0.0-20181203162652-d668ce993890 h1:uESlIz09WIHT2I+pasSXcpLYqYK8wHcdCetU3VuMBJE=
golang.org/x/oauth2 v0.0.0-20181203162652-d668ce993890/go.mod h1:N/0e6XlmueqKjAGxoOufVs8QHGRruUQn6yWY3a++T0U=
golang.org/x/sys v0.0.0-20181228144115-9a3f9b0469bb h1:pf3XwC90UUdNPYWZdFjhGBE7DUFuK3Ct1zWmZ65QN30=
golang.org/x/sys v0.0.0-20181228144115-9a3f9b0469bb/go.mod h1:STP8DvDyc/dI5b8T5hshtkjS+E42TnysNCUPdjciGhY=
